
Microsoft Visual Studio Solution File, Format Version 12.00
# Visual Studio Version 17
VisualStudioVersion = 17.14.36121.58
MinimumVisualStudioVersion = 10.0.40219.1
Project("{FAE04EC0-301F-11D3-BF4B-00C04F79EFBC}") = "01. Encrypt, Sort and Print Array", "01. Encrypt, Sort and Print Array\01. Encrypt, Sort and Print Array.csproj", "{B21CB972-FFD0-40DC-A4DF-EED4DA336A37}"
EndProject
Project("{FAE04EC0-301F-11D3-BF4B-00C04F79EFBC}") = "02. Pascal Triangle", "02. Pascal Triangle\02. Pascal Triangle.csproj", "{0E52BC88-A052-4866-A63C-23462059E587}"
EndProject
Project("{FAE04EC0-301F-11D3-BF4B-00C04F79EFBC}") = "03. Recursive Fibonacci", "03. Recursive Fibonacci\03. Recursive Fibonacci.csproj", "{1170D490-EACE-4856-8A08-E9BB222EF4BB}"
EndProject
Project("{FAE04EC0-301F-11D3-BF4B-00C04F79EFBC}") = "04. Fold and Sum", "04. Fold and Sum\04. Fold and Sum.csproj", "{BBB94471-D486-4DC1-9E86-8E1DA8F3B5D9}"
EndProject
Global
	GlobalSection(SolutionConfigurationPlatforms) = preSolution
		Debug|Any CPU = Debug|Any CPU
		Release|Any CPU = Release|Any CPU
	EndGlobalSection
	GlobalSection(ProjectConfigurationPlatforms) = postSolution
		{B21CB972-FFD0-40DC-A4DF-EED4DA336A37}.Debug|Any CPU.ActiveCfg = Debug|Any CPU
		{B21CB972-FFD0-40DC-A4DF-EED4DA336A37}.Debug|Any CPU.Build.0 = Debug|Any CPU
		{B21CB972-FFD0-40DC-A4DF-EED4DA336A37}.Release|Any CPU.ActiveCfg = Release|Any CPU
		{B21CB972-FFD0-40DC-A4DF-EED4DA336A37}.Release|Any CPU.Build.0 = Release|Any CPU
		{0E52BC88-A052-4866-A63C-23462059E587}.Debug|Any CPU.ActiveCfg = Debug|Any CPU
		{0E52BC88-A052-4866-A63C-23462059E587}.Debug|Any CPU.Build.0 = Debug|Any CPU
		{0E52BC88-A052-4866-A63C-23462059E587}.Release|Any CPU.ActiveCfg = Release|Any CPU
		{0E52BC88-A052-4866-A63C-23462059E587}.Release|Any CPU.Build.0 = Release|Any CPU
		{1170D490-EACE-4856-8A08-E9BB222EF4BB}.Debug|Any CPU.ActiveCfg = Debug|Any CPU
		{1170D490-EACE-4856-8A08-E9BB222EF4BB}.Debug|Any CPU.Build.0 = Debug|Any CPU
		{1170D490-EACE-4856-8A08-E9BB222EF4BB}.Release|Any CPU.ActiveCfg = Release|Any CPU
		{1170D490-EACE-4856-8A08-E9BB222EF4BB}.Release|Any CPU.Build.0 = Release|Any CPU
		{BBB94471-D486-4DC1-9E86-8E1DA8F3B5D9}.Debug|Any CPU.ActiveCfg = Debug|Any CPU
		{BBB94471-D486-4DC1-9E86-8E1DA8F3B5D9}.Debug|Any CPU.Build.0 = Debug|Any CPU
		{BBB94471-D486-4DC1-9E86-8E1DA8F3B5D9}.Release|Any CPU.ActiveCfg = Release|Any CPU
		{BBB94471-D486-4DC1-9E86-8E1DA8F3B5D9}.Release|Any CPU.Build.0 = Release|Any CPU
	EndGlobalSection
	GlobalSection(SolutionProperties) = preSolution
		HideSolutionNode = FALSE
	EndGlobalSection
	GlobalSection(ExtensibilityGlobals) = postSolution
		SolutionGuid = {4E6B3C2B-7527-45CD-8366-5C1596438F4A}
	EndGlobalSection
EndGlobal
